// !$*UTF8*$!
{
	archiveVersion = 1;
	classes = {
	};
	objectVersion = 56;
	objects = {

/* Begin PBXBuildFile section */
		601A71422C5206BF00C02C7E /* PokemonMasterApp.swift in Sources */ = {isa = PBXBuildFile; fileRef = 601A71412C5206BF00C02C7E /* PokemonMasterApp.swift */; };
		601A71442C5206BF00C02C7E /* PokemonListRootView.swift in Sources */ = {isa = PBXBuildFile; fileRef = 601A71432C5206BF00C02C7E /* PokemonListRootView.swift */; };
		601A71462C5206C000C02C7E /* Assets.xcassets in Resources */ = {isa = PBXBuildFile; fileRef = 601A71452C5206C000C02C7E /* Assets.xcassets */; };
		601A71492C5206C000C02C7E /* Preview Assets.xcassets in Resources */ = {isa = PBXBuildFile; fileRef = 601A71482C5206C000C02C7E /* Preview Assets.xcassets */; };
		601A71512C5206F600C02C7E /* CodableWrapper in Frameworks */ = {isa = PBXBuildFile; productRef = 601A71502C5206F600C02C7E /* CodableWrapper */; };
		601A71532C52076100C02C7E /* AppStore.swift in Sources */ = {isa = PBXBuildFile; fileRef = 601A71522C52076100C02C7E /* AppStore.swift */; };
		601A71582C5207A500C02C7E /* PokemonViewModel.swift in Sources */ = {isa = PBXBuildFile; fileRef = 601A71572C5207A500C02C7E /* PokemonViewModel.swift */; };
		601A715B2C5207D200C02C7E /* PokemonRequest.swift in Sources */ = {isa = PBXBuildFile; fileRef = 601A715A2C5207D200C02C7E /* PokemonRequest.swift */; };
		601A715E2C5207F800C02C7E /* PokemonSpecies.swift in Sources */ = {isa = PBXBuildFile; fileRef = 601A715D2C5207F800C02C7E /* PokemonSpecies.swift */; };
		601A71602C52081300C02C7E /* PokemonColor.swift in Sources */ = {isa = PBXBuildFile; fileRef = 601A715F2C52081300C02C7E /* PokemonColor.swift */; };
		601A71632C52086B00C02C7E /* NetworkError.swift in Sources */ = {isa = PBXBuildFile; fileRef = 601A71622C52086B00C02C7E /* NetworkError.swift */; };
		601A71652C52087B00C02C7E /* NetworkManager.swift in Sources */ = {isa = PBXBuildFile; fileRef = 601A71642C52087B00C02C7E /* NetworkManager.swift */; };
		601A71672C52089700C02C7E /* HTTPMethod.swift in Sources */ = {isa = PBXBuildFile; fileRef = 601A71662C52089700C02C7E /* HTTPMethod.swift */; };
/* End PBXBuildFile section */

/* Begin PBXFileReference section */
		601A713E2C5206BF00C02C7E /* PokemonMaster.app */ = {isa = PBXFileReference; explicitFileType = wrapper.application; includeInIndex = 0; path = PokemonMaster.app; sourceTree = BUILT_PRODUCTS_DIR; };
		601A71412C5206BF00C02C7E /* PokemonMasterApp.swift */ = {isa = PBXFileReference; lastKnownFileType = sourcecode.swift; path = PokemonMasterApp.swift; sourceTree = "<group>"; };
		601A71432C5206BF00C02C7E /* PokemonListRootView.swift */ = {isa = PBXFileReference; lastKnownFileType = sourcecode.swift; path = PokemonListRootView.swift; sourceTree = "<group>"; };
		601A71452C5206C000C02C7E /* Assets.xcassets */ = {isa = PBXFileReference; lastKnownFileType = folder.assetcatalog; path = Assets.xcassets; sourceTree = "<group>"; };
		601A71482C5206C000C02C7E /* Preview Assets.xcassets */ = {isa = PBXFileReference; lastKnownFileType = folder.assetcatalog; path = "Preview Assets.xcassets"; sourceTree = "<group>"; };
		601A71522C52076100C02C7E /* AppStore.swift */ = {isa = PBXFileReference; lastKnownFileType = sourcecode.swift; path = AppStore.swift; sourceTree = "<group>"; };
		601A71572C5207A500C02C7E /* PokemonViewModel.swift */ = {isa = PBXFileReference; lastKnownFileType = sourcecode.swift; path = PokemonViewModel.swift; sourceTree = "<group>"; };
		601A715A2C5207D200C02C7E /* PokemonRequest.swift */ = {isa = PBXFileReference; lastKnownFileType = sourcecode.swift; path = PokemonRequest.swift; sourceTree = "<group>"; };
		601A715D2C5207F800C02C7E /* PokemonSpecies.swift */ = {isa = PBXFileReference; lastKnownFileType = sourcecode.swift; path = PokemonSpecies.swift; sourceTree = "<group>"; };
		601A715F2C52081300C02C7E /* PokemonColor.swift */ = {isa = PBXFileReference; lastKnownFileType = sourcecode.swift; path = PokemonColor.swift; sourceTree = "<group>"; };
		601A71622C52086B00C02C7E /* NetworkError.swift */ = {isa = PBXFileReference; lastKnownFileType = sourcecode.swift; path = NetworkError.swift; sourceTree = "<group>"; };
		601A71642C52087B00C02C7E /* NetworkManager.swift */ = {isa = PBXFileReference; lastKnownFileType = sourcecode.swift; path = NetworkManager.swift; sourceTree = "<group>"; };
		601A71662C52089700C02C7E /* HTTPMethod.swift */ = {isa = PBXFileReference; lastKnownFileType = sourcecode.swift; path = HTTPMethod.swift; sourceTree = "<group>"; };
/* End PBXFileReference section */

/* Begin PBXFrameworksBuildPhase section */
		601A713B2C5206BF00C02C7E /* Frameworks */ = {
			isa = PBXFrameworksBuildPhase;
			buildActionMask = 2147483647;
			files = (
				601A71512C5206F600C02C7E /* CodableWrapper in Frameworks */,
			);
			runOnlyForDeploymentPostprocessing = 0;
		};
/* End PBXFrameworksBuildPhase section */

/* Begin PBXGroup section */
		601A71352C5206BF00C02C7E = {
			isa = PBXGroup;
			children = (
				601A71402C5206BF00C02C7E /* PokemonMaster */,
				601A713F2C5206BF00C02C7E /* Products */,
			);
			sourceTree = "<group>";
		};
		601A713F2C5206BF00C02C7E /* Products */ = {
			isa = PBXGroup;
			children = (
				601A713E2C5206BF00C02C7E /* PokemonMaster.app */,
			);
			name = Products;
			sourceTree = "<group>";
		};
		601A71402C5206BF00C02C7E /* PokemonMaster */ = {
			isa = PBXGroup;
			children = (
				601A71612C52085300C02C7E /* Network */,
				601A71552C52078300C02C7E /* App */,
				601A71542C52077700C02C7E /* Pokemon */,
				601A71452C5206C000C02C7E /* Assets.xcassets */,
				601A71472C5206C000C02C7E /* Preview Content */,
			);
			path = PokemonMaster;
			sourceTree = "<group>";
		};
		601A71472C5206C000C02C7E /* Preview Content */ = {
			isa = PBXGroup;
			children = (
				601A71482C5206C000C02C7E /* Preview Assets.xcassets */,
			);
			path = "Preview Content";
			sourceTree = "<group>";
		};
		601A71542C52077700C02C7E /* Pokemon */ = {
			isa = PBXGroup;
			children = (
				601A71682C521DD500C02C7E /* View */,
				601A715C2C5207ED00C02C7E /* Model */,
				601A71592C5207C400C02C7E /* Request */,
				601A71562C52079800C02C7E /* ViewModel */,
			);
			path = Pokemon;
			sourceTree = "<group>";
		};
		601A71552C52078300C02C7E /* App */ = {
			isa = PBXGroup;
			children = (
				601A71412C5206BF00C02C7E /* PokemonMasterApp.swift */,
				601A71522C52076100C02C7E /* AppStore.swift */,
			);
			path = App;
			sourceTree = "<group>";
		};
		601A71562C52079800C02C7E /* ViewModel */ = {
			isa = PBXGroup;
			children = (
				601A71572C5207A500C02C7E /* PokemonViewModel.swift */,
			);
			path = ViewModel;
			sourceTree = "<group>";
		};
		601A71592C5207C400C02C7E /* Request */ = {
			isa = PBXGroup;
			children = (
				601A715A2C5207D200C02C7E /* PokemonRequest.swift */,
			);
			path = Request;
			sourceTree = "<group>";
		};
		601A715C2C5207ED00C02C7E /* Model */ = {
			isa = PBXGroup;
			children = (
				601A715D2C5207F800C02C7E /* PokemonSpecies.swift */,
				601A715F2C52081300C02C7E /* PokemonColor.swift */,
			);
			path = Model;
			sourceTree = "<group>";
		};
		601A71612C52085300C02C7E /* Network */ = {
			isa = PBXGroup;
			children = (
				601A71622C52086B00C02C7E /* NetworkError.swift */,
				601A71642C52087B00C02C7E /* NetworkManager.swift */,
				601A71662C52089700C02C7E /* HTTPMethod.swift */,
			);
			path = Network;
			sourceTree = "<group>";
		};
		601A71682C521DD500C02C7E /* View */ = {
			isa = PBXGroup;
			children = (
				601A71432C5206BF00C02C7E /* PokemonListRootView.swift */,
			);
			path = View;
			sourceTree = "<group>";
		};
/* End PBXGroup section */

/* Begin PBXNativeTarget section */
		601A713D2C5206BF00C02C7E /* PokemonMaster */ = {
			isa = PBXNativeTarget;
			buildConfigurationList = 601A714C2C5206C000C02C7E /* Build configuration list for PBXNativeTarget "PokemonMaster" */;
			buildPhases = (
				601A713A2C5206BF00C02C7E /* Sources */,
				601A713B2C5206BF00C02C7E /* Frameworks */,
				601A713C2C5206BF00C02C7E /* Resources */,
			);
			buildRules = (
			);
			dependencies = (
			);
			name = PokemonMaster;
			packageProductDependencies = (
				601A71502C5206F600C02C7E /* CodableWrapper */,
			);
			productName = PokemonMaster;
			productReference = 601A713E2C5206BF00C02C7E /* PokemonMaster.app */;
			productType = "com.apple.product-type.application";
		};
/* End PBXNativeTarget section */

/* Begin PBXProject section */
		601A71362C5206BF00C02C7E /* Project object */ = {
			isa = PBXProject;
			attributes = {
				BuildIndependentTargetsInParallel = 1;
				LastSwiftUpdateCheck = 1540;
				LastUpgradeCheck = 1540;
				TargetAttributes = {
					601A713D2C5206BF00C02C7E = {
						CreatedOnToolsVersion = 15.4;
					};
				};
			};
			buildConfigurationList = 601A71392C5206BF00C02C7E /* Build configuration list for PBXProject "PokemonMaster" */;
			compatibilityVersion = "Xcode 14.0";
			developmentRegion = en;
			hasScannedForEncodings = 0;
			knownRegions = (
				en,
				Base,
			);
			mainGroup = 601A71352C5206BF00C02C7E;
			packageReferences = (
				601A714F2C5206F600C02C7E /* XCRemoteSwiftPackageReference "CodableWrapper" */,
			);
			productRefGroup = 601A713F2C5206BF00C02C7E /* Products */;
			projectDirPath = "";
			projectRoot = "";
			targets = (
				601A713D2C5206BF00C02C7E /* PokemonMaster */,
			);
		};
/* End PBXProject section */

/* Begin PBXResourcesBuildPhase section */
		601A713C2C5206BF00C02C7E /* Resources */ = {
			isa = PBXResourcesBuildPhase;
			buildActionMask = 2147483647;
			files = (
				601A71492C5206C000C02C7E /* Preview Assets.xcassets in Resources */,
				601A71462C5206C000C02C7E /* Assets.xcassets in Resources */,
			);
			runOnlyForDeploymentPostprocessing = 0;
		};
/* End PBXResourcesBuildPhase section */

/* Begin PBXSourcesBuildPhase section */
		601A713A2C5206BF00C02C7E /* Sources */ = {
			isa = PBXSourcesBuildPhase;
			buildActionMask = 2147483647;
			files = (
				601A71652C52087B00C02C7E /* NetworkManager.swift in Sources */,
				601A715E2C5207F800C02C7E /* PokemonSpecies.swift in Sources */,
				601A71632C52086B00C02C7E /* NetworkError.swift in Sources */,
				601A71602C52081300C02C7E /* PokemonColor.swift in Sources */,
				601A71532C52076100C02C7E /* AppStore.swift in Sources */,
				601A71442C5206BF00C02C7E /* PokemonListRootView.swift in Sources */,
				601A71582C5207A500C02C7E /* PokemonViewModel.swift in Sources */,
				601A71422C5206BF00C02C7E /* PokemonMasterApp.swift in Sources */,
				601A71672C52089700C02C7E /* HTTPMethod.swift in Sources */,
				601A715B2C5207D200C02C7E /* PokemonRequest.swift in Sources */,
			);
			runOnlyForDeploymentPostprocessing = 0;
		};
/* End PBXSourcesBuildPhase section */

/* Begin XCBuildConfiguration section */
		601A714A2C5206C000C02C7E /* Debug */ = {
			isa = XCBuildConfiguration;
			buildSettings = {
				ALWAYS_SEARCH_USER_PATHS = NO;
				ASSETCATALOG_COMPILER_GENERATE_SWIFT_ASSET_SYMBOL_EXTENSIONS = YES;
				CLANG_ANALYZER_NONNULL = YES;
				CLANG_ANALYZER_NUMBER_OBJECT_CONVERSION = YES_AGGRESSIVE;
				CLANG_CXX_LANGUAGE_STANDARD = "gnu++20";
				CLANG_ENABLE_MODULES = YES;
				CLANG_ENABLE_OBJC_ARC = YES;
				CLANG_ENABLE_OBJC_WEAK = YES;
				CLANG_WARN_BLOCK_CAPTURE_AUTORELEASING = YES;
				CLANG_WARN_BOOL_CONVERSION = YES;
				CLANG_WARN_COMMA = YES;
				CLANG_WARN_CONSTANT_CONVERSION = YES;
				CLANG_WARN_DEPRECATED_OBJC_IMPLEMENTATIONS = YES;
				CLANG_WARN_DIRECT_OBJC_ISA_USAGE = YES_ERROR;
				CLANG_WARN_DOCUMENTATION_COMMENTS = YES;
				CLANG_WARN_EMPTY_BODY = YES;
				CLANG_WARN_ENUM_CONVERSION = YES;
				CLANG_WARN_INFINITE_RECURSION = YES;
				CLANG_WARN_INT_CONVERSION = YES;
				CLANG_WARN_NON_LITERAL_NULL_CONVERSION = YES;
				CLANG_WARN_OBJC_IMPLICIT_RETAIN_SELF = YES;
				CLANG_WARN_OBJC_LITERAL_CONVERSION = YES;
				CLANG_WARN_OBJC_ROOT_CLASS = YES_ERROR;
				CLANG_WARN_QUOTED_INCLUDE_IN_FRAMEWORK_HEADER = YES;
				CLANG_WARN_RANGE_LOOP_ANALYSIS = YES;
				CLANG_WARN_STRICT_PROTOTYPES = YES;
				CLANG_WARN_SUSPICIOUS_MOVE = YES;
				CLANG_WARN_UNGUARDED_AVAILABILITY = YES_AGGRESSIVE;
				CLANG_WARN_UNREACHABLE_CODE = YES;
				CLANG_WARN__DUPLICATE_METHOD_MATCH = YES;
				COPY_PHASE_STRIP = NO;
				DEBUG_INFORMATION_FORMAT = dwarf;
				ENABLE_STRICT_OBJC_MSGSEND = YES;
				ENABLE_TESTABILITY = YES;
				ENABLE_USER_SCRIPT_SANDBOXING = YES;
				GCC_C_LANGUAGE_STANDARD = gnu17;
				GCC_DYNAMIC_NO_PIC = NO;
				GCC_NO_COMMON_BLOCKS = YES;
				GCC_OPTIMIZATION_LEVEL = 0;
				GCC_PREPROCESSOR_DEFINITIONS = (
					"DEBUG=1",
					"$(inherited)",
				);
				GCC_WARN_64_TO_32_BIT_CONVERSION = YES;
				GCC_WARN_ABOUT_RETURN_TYPE = YES_ERROR;
				GCC_WARN_UNDECLARED_SELECTOR = YES;
				GCC_WARN_UNINITIALIZED_AUTOS = YES_AGGRESSIVE;
				GCC_WARN_UNUSED_FUNCTION = YES;
				GCC_WARN_UNUSED_VARIABLE = YES;
				IPHONEOS_DEPLOYMENT_TARGET = 17.5;
				LOCALIZATION_PREFERS_STRING_CATALOGS = YES;
				MTL_ENABLE_DEBUG_INFO = INCLUDE_SOURCE;
				MTL_FAST_MATH = YES;
				ONLY_ACTIVE_ARCH = YES;
				SDKROOT = iphoneos;
				SWIFT_ACTIVE_COMPILATION_CONDITIONS = "DEBUG $(inherited)";
				SWIFT_OPTIMIZATION_LEVEL = "-Onone";
			};
			name = Debug;
		};
		601A714B2C5206C000C02C7E /* Release */ = {
			isa = XCBuildConfiguration;
			buildSettings = {
				ALWAYS_SEARCH_USER_PATHS = NO;
				ASSETCATALOG_COMPILER_GENERATE_SWIFT_ASSET_SYMBOL_EXTENSIONS = YES;
				CLANG_ANALYZER_NONNULL = YES;
				CLANG_ANALYZER_NUMBER_OBJECT_CONVERSION = YES_AGGRESSIVE;
				CLANG_CXX_LANGUAGE_STANDARD = "gnu++20";
				CLANG_ENABLE_MODULES = YES;
				CLANG_ENABLE_OBJC_ARC = YES;
				CLANG_ENABLE_OBJC_WEAK = YES;
				CLANG_WARN_BLOCK_CAPTURE_AUTORELEASING = YES;
				CLANG_WARN_BOOL_CONVERSION = YES;
				CLANG_WARN_COMMA = YES;
				CLANG_WARN_CONSTANT_CONVERSION = YES;
				CLANG_WARN_DEPRECATED_OBJC_IMPLEMENTATIONS = YES;
				CLANG_WARN_DIRECT_OBJC_ISA_USAGE = YES_ERROR;
				CLANG_WARN_DOCUMENTATION_COMMENTS = YES;
				CLANG_WARN_EMPTY_BODY = YES;
				CLANG_WARN_ENUM_CONVERSION = YES;
				CLANG_WARN_INFINITE_RECURSION = YES;
				CLANG_WARN_INT_CONVERSION = YES;
				CLANG_WARN_NON_LITERAL_NULL_CONVERSION = YES;
				CLANG_WARN_OBJC_IMPLICIT_RETAIN_SELF = YES;
				CLANG_WARN_OBJC_LITERAL_CONVERSION = YES;
				CLANG_WARN_OBJC_ROOT_CLASS = YES_ERROR;
				CLANG_WARN_QUOTED_INCLUDE_IN_FRAMEWORK_HEADER = YES;
				CLANG_WARN_RANGE_LOOP_ANALYSIS = YES;
				CLANG_WARN_STRICT_PROTOTYPES = YES;
				CLANG_WARN_SUSPICIOUS_MOVE = YES;
				CLANG_WARN_UNGUARDED_AVAILABILITY = YES_AGGRESSIVE;
				CLANG_WARN_UNREACHABLE_CODE = YES;
				CLANG_WARN__DUPLICATE_METHOD_MATCH = YES;
				COPY_PHASE_STRIP = NO;
				DEBUG_INFORMATION_FORMAT = "dwarf-with-dsym";
				ENABLE_NS_ASSERTIONS = NO;
				ENABLE_STRICT_OBJC_MSGSEND = YES;
				ENABLE_USER_SCRIPT_SANDBOXING = YES;
				GCC_C_LANGUAGE_STANDARD = gnu17;
				GCC_NO_COMMON_BLOCKS = YES;
				GCC_WARN_64_TO_32_BIT_CONVERSION = YES;
				GCC_WARN_ABOUT_RETURN_TYPE = YES_ERROR;
				GCC_WARN_UNDECLARED_SELECTOR = YES;
				GCC_WARN_UNINITIALIZED_AUTOS = YES_AGGRESSIVE;
				GCC_WARN_UNUSED_FUNCTION = YES;
				GCC_WARN_UNUSED_VARIABLE = YES;
				IPHONEOS_DEPLOYMENT_TARGET = 17.5;
				LOCALIZATION_PREFERS_STRING_CATALOGS = YES;
				MTL_ENABLE_DEBUG_INFO = NO;
				MTL_FAST_MATH = YES;
				SDKROOT = iphoneos;
				SWIFT_COMPILATION_MODE = wholemodule;
				VALIDATE_PRODUCT = YES;
			};
			name = Release;
		};
		601A714D2C5206C000C02C7E /* Debug */ = {
			isa = XCBuildConfiguration;
			buildSettings = {
				ASSETCATALOG_COMPILER_APPICON_NAME = AppIcon;
				ASSETCATALOG_COMPILER_GLOBAL_ACCENT_COLOR_NAME = AccentColor;
				CODE_SIGN_STYLE = Automatic;
				CURRENT_PROJECT_VERSION = 1;
				DEVELOPMENT_ASSET_PATHS = "\"PokemonMaster/Preview Content\"";
				DEVELOPMENT_TEAM = 65972SHM9W;
				ENABLE_PREVIEWS = YES;
				GENERATE_INFOPLIST_FILE = YES;
				INFOPLIST_KEY_UIApplicationSceneManifest_Generation = YES;
				INFOPLIST_KEY_UIApplicationSupportsIndirectInputEvents = YES;
				INFOPLIST_KEY_UILaunchScreen_Generation = YES;
				INFOPLIST_KEY_UISupportedInterfaceOrientations_iPad = "UIInterfaceOrientationPortrait UIInterfaceOrientationPortraitUpsideDown UIInterfaceOrientationLandscapeLeft UIInterfaceOrientationLandscapeRight";
				INFOPLIST_KEY_UISupportedInterfaceOrientations_iPhone = "UIInterfaceOrientationPortrait UIInterfaceOrientationLandscapeLeft UIInterfaceOrientationLandscapeRight";
				LD_RUNPATH_SEARCH_PATHS = (
					"$(inherited)",
					"@executable_path/Frameworks",
				);
				MARKETING_VERSION = 1.0;
				PRODUCT_BUNDLE_IDENTIFIER = com.public.project.PokemonMaster;
				PRODUCT_NAME = "$(TARGET_NAME)";
				SWIFT_EMIT_LOC_STRINGS = YES;
				SWIFT_VERSION = 5.0;
				TARGETED_DEVICE_FAMILY = "1,2";
			};
			name = Debug;
		};
		601A714E2C5206C000C02C7E /* Release */ = {
			isa = XCBuildConfiguration;
			buildSettings = {
				ASSETCATALOG_COMPILER_APPICON_NAME = AppIcon;
				ASSETCATALOG_COMPILER_GLOBAL_ACCENT_COLOR_NAME = AccentColor;
				CODE_SIGN_STYLE = Automatic;
				CURRENT_PROJECT_VERSION = 1;
				DEVELOPMENT_ASSET_PATHS = "\"PokemonMaster/Preview Content\"";
				DEVELOPMENT_TEAM = 65972SHM9W;
				ENABLE_PREVIEWS = YES;
				GENERATE_INFOPLIST_FILE = YES;
				INFOPLIST_KEY_UIApplicationSceneManifest_Generation = YES;
				INFOPLIST_KEY_UIApplicationSupportsIndirectInputEvents = YES;
				INFOPLIST_KEY_UILaunchScreen_Generation = YES;
				INFOPLIST_KEY_UISupportedInterfaceOrientations_iPad = "UIInterfaceOrientationPortrait UIInterfaceOrientationPortraitUpsideDown UIInterfaceOrientationLandscapeLeft UIInterfaceOrientationLandscapeRight";
				INFOPLIST_KEY_UISupportedInterfaceOrientations_iPhone = "UIInterfaceOrientationPortrait UIInterfaceOrientationLandscapeLeft UIInterfaceOrientationLandscapeRight";
				LD_RUNPATH_SEARCH_PATHS = (
					"$(inherited)",
					"@executable_path/Frameworks",
				);
				MARKETING_VERSION = 1.0;
				PRODUCT_BUNDLE_IDENTIFIER = com.public.project.PokemonMaster;
				PRODUCT_NAME = "$(TARGET_NAME)";
				SWIFT_EMIT_LOC_STRINGS = YES;
				SWIFT_VERSION = 5.0;
				TARGETED_DEVICE_FAMILY = "1,2";
			};
			name = Release;
		};
/* End XCBuildConfiguration section */

/* Begin XCConfigurationList section */
		601A71392C5206BF00C02C7E /* Build configuration list for PBXProject "PokemonMaster" */ = {
			isa = XCConfigurationList;
			buildConfigurations = (
				601A714A2C5206C000C02C7E /* Debug */,
				601A714B2C5206C000C02C7E /* Release */,
			);
			defaultConfigurationIsVisible = 0;
			defaultConfigurationName = Release;
		};
		601A714C2C5206C000C02C7E /* Build configuration list for PBXNativeTarget "PokemonMaster" */ = {
			isa = XCConfigurationList;
			buildConfigurations = (
				601A714D2C5206C000C02C7E /* Debug */,
				601A714E2C5206C000C02C7E /* Release */,
			);
			defaultConfigurationIsVisible = 0;
			defaultConfigurationName = Release;
		};
/* End XCConfigurationList section */

/* Begin XCRemoteSwiftPackageReference section */
		601A714F2C5206F600C02C7E /* XCRemoteSwiftPackageReference "CodableWrapper" */ = {
			isa = XCRemoteSwiftPackageReference;
			repositoryURL = "https://github.com/winddpan/CodableWrapper";
			requirement = {
				kind = upToNextMajorVersion;
				minimumVersion = 1.1.1;
			};
		};
/* End XCRemoteSwiftPackageReference section */

/* Begin XCSwiftPackageProductDependency section */
		601A71502C5206F600C02C7E /* CodableWrapper */ = {
			isa = XCSwiftPackageProductDependency;
			package = 601A714F2C5206F600C02C7E /* XCRemoteSwiftPackageReference "CodableWrapper" */;
			productName = CodableWrapper;
		};
/* End XCSwiftPackageProductDependency section */
	};
	rootObject = 601A71362C5206BF00C02C7E /* Project object */;
}
